
Microsoft Visual Studio Solution File, Format Version 12.00
# Visual Studio 14
VisualStudioVersion = 14.0.25420.1
MinimumVisualStudioVersion = 10.0.40219.1
Project("{F14B399A-7131-4C87-9E4B-1186C45EF12D}") = "PicklistGenerator", "PicklistGenerator\PicklistGenerator.rptproj", "{C90BDB64-FC2A-414E-9313-8040A2B7B60B}"
EndProject
Global
	GlobalSection(SolutionConfigurationPlatforms) = preSolution
		Debug|Default = Debug|Default
		DebugLocal|Default = DebugLocal|Default
		Release|Default = Release|Default
	EndGlobalSection
	GlobalSection(ProjectConfigurationPlatforms) = postSolution
		{C90BDB64-FC2A-414E-9313-8040A2B7B60B}.Debug|Default.ActiveCfg = Debug
		{C90BDB64-FC2A-414E-9313-8040A2B7B60B}.Debug|Default.Build.0 = Debug
		{C90BDB64-FC2A-414E-9313-8040A2B7B60B}.Debug|Default.Deploy.0 = Debug
		{C90BDB64-FC2A-414E-9313-8040A2B7B60B}.DebugLocal|Default.ActiveCfg = DebugLocal
		{C90BDB64-FC2A-414E-9313-8040A2B7B60B}.DebugLocal|Default.Build.0 = DebugLocal
		{C90BDB64-FC2A-414E-9313-8040A2B7B60B}.Release|Default.ActiveCfg = Release
		{C90BDB64-FC2A-414E-9313-8040A2B7B60B}.Release|Default.Build.0 = Release
		{C90BDB64-FC2A-414E-9313-8040A2B7B60B}.Release|Default.Deploy.0 = Release
	EndGlobalSection
	GlobalSection(SolutionProperties) = preSolution
		HideSolutionNode = FALSE
	EndGlobalSection
EndGlobal
